
Microsoft Visual Studio Solution File, Format Version 12.00
# Visual Studio Version 17
VisualStudioVersion = 17.5.33424.131
MinimumVisualStudioVersion = 10.0.40219.1
Project("{9A19103F-16F7-4668-BE54-9A1E7A4F7556}") = "DoctorsWebApplication", "DoctorsWebApplication\DoctorsWebApplication.csproj", "{6A9C0004-DC51-4D80-AB12-BF2D2D26914D}"
	ProjectSection(ProjectDependencies) = postProject
		{EA522CD8-865E-4387-BD16-EE17551D9CA1} = {EA522CD8-865E-4387-BD16-EE17551D9CA1}
	EndProjectSection
EndProject
Project("{00D1A9C2-B5F0-4AF3-8072-F6C62B433612}") = "DoctorsDatabase", "DoctorsDatabase\DoctorsDatabase.sqlproj", "{EA522CD8-865E-4387-BD16-EE17551D9CA1}"
EndProject
Global
	GlobalSection(SolutionConfigurationPlatforms) = preSolution
		Debug|Any CPU = Debug|Any CPU
		Release|Any CPU = Release|Any CPU
	EndGlobalSection
	GlobalSection(ProjectConfigurationPlatforms) = postSolution
		{6A9C0004-DC51-4D80-AB12-BF2D2D26914D}.Debug|Any CPU.ActiveCfg = Debug|Any CPU
		{6A9C0004-DC51-4D80-AB12-BF2D2D26914D}.Debug|Any CPU.Build.0 = Debug|Any CPU
		{6A9C0004-DC51-4D80-AB12-BF2D2D26914D}.Release|Any CPU.ActiveCfg = Release|Any CPU
		{6A9C0004-DC51-4D80-AB12-BF2D2D26914D}.Release|Any CPU.Build.0 = Release|Any CPU
		{EA522CD8-865E-4387-BD16-EE17551D9CA1}.Debug|Any CPU.ActiveCfg = Debug|Any CPU
		{EA522CD8-865E-4387-BD16-EE17551D9CA1}.Debug|Any CPU.Build.0 = Debug|Any CPU
		{EA522CD8-865E-4387-BD16-EE17551D9CA1}.Debug|Any CPU.Deploy.0 = Debug|Any CPU
		{EA522CD8-865E-4387-BD16-EE17551D9CA1}.Release|Any CPU.ActiveCfg = Release|Any CPU
		{EA522CD8-865E-4387-BD16-EE17551D9CA1}.Release|Any CPU.Build.0 = Release|Any CPU
		{EA522CD8-865E-4387-BD16-EE17551D9CA1}.Release|Any CPU.Deploy.0 = Release|Any CPU
	EndGlobalSection
	GlobalSection(SolutionProperties) = preSolution
		HideSolutionNode = FALSE
	EndGlobalSection
	GlobalSection(ExtensibilityGlobals) = postSolution
		SolutionGuid = {BC0CA428-4250-4DEC-9BDD-E0BD41E8DBD9}
	EndGlobalSection
EndGlobal
